{
	"requires": true,
	"lockfileVersion": 1,
	"dependencies": {
		"@osfarm/itineraire-technique": {
			"version": "1.1.8",
			"resolved": "https://registry.npmjs.org/@osfarm/itineraire-technique/-/itineraire-technique-1.1.8.tgz",
			"integrity": "sha512-P/4gKfk6La4kTA87xXwVCZazGPfO/vxY1b83JzZuWE/RZ2neFosb4ldU/V5BZv0U4ndPORgWRCFMxVxoCIN6Gw=="
		},
		"echarts": {
			"version": "6.0.0",
			"resolved": "https://registry.npmjs.org/echarts/-/echarts-6.0.0.tgz",
			"integrity": "sha512-Tte/grDQRiETQP4xz3iZWSvoHrkCQtwqd6hs+mifXcjrCuo2iKWbajFObuLJVBlDIJlOzgQPd1hsaKt/3+OMkQ==",
			"requires": {
				"tslib": "2.3.0",
				"zrender": "6.0.0"
			}
		},
		"tslib": {
			"version": "2.3.0",
			"resolved": "https://registry.npmjs.org/tslib/-/tslib-2.3.0.tgz",
			"integrity": "sha512-N82ooyxVNm6h1riLCoyS9e3fuJ3AMG2zIZs2Gd1ATcSFjSA23Q0fzjjZeh0jbJvWVDZ0cJT8yaNNaaXHzueNjg=="
		},
		"zrender": {
			"version": "6.0.0",
			"resolved": "https://registry.npmjs.org/zrender/-/zrender-6.0.0.tgz",
			"integrity": "sha512-41dFXEEXuJpNecuUQq6JlbybmnHaqqpGlbH1yxnA5V9MMP4SbohSVZsJIwz+zdjQXSSlR1Vc34EgH1zxyTDvhg==",
			"requires": {
				"tslib": "2.3.0"
			}
		}
	}
}
